// !$*UTF8*$!
{
	archiveVersion = 1;
	classes = {
	};
	objectVersion = 46;
	objects = {

/* Begin PBXBuildFile section */
		1F3602C3120DE7F683333CAF /* Pods.framework in Frameworks */ = {isa = PBXBuildFile; fileRef = B90C47334BEFEA7F4D317DD4 /* Pods.framework */; };
		555C695B1C09744700D9B656 /* Util.swift in Sources */ = {isa = PBXBuildFile; fileRef = 555C695A1C09744700D9B656 /* Util.swift */; };
		555C695D1C09753900D9B656 /* Constants.swift in Sources */ = {isa = PBXBuildFile; fileRef = 555C695C1C09753900D9B656 /* Constants.swift */; };
		555C695F1C09793000D9B656 /* BaseViewController.swift in Sources */ = {isa = PBXBuildFile; fileRef = 555C695E1C09793000D9B656 /* BaseViewController.swift */; };
		555C69681C0994B100D9B656 /* SpotDetailView.swift in Sources */ = {isa = PBXBuildFile; fileRef = 555C69671C0994B100D9B656 /* SpotDetailView.swift */; };
		555C696A1C09953500D9B656 /* SpotDetailView.xib in Resources */ = {isa = PBXBuildFile; fileRef = 555C69691C09953500D9B656 /* SpotDetailView.xib */; };
		55891C161C092F16003B360B /* AppDelegate.swift in Sources */ = {isa = PBXBuildFile; fileRef = 55891C151C092F16003B360B /* AppDelegate.swift */; };
		55891C1D1C092F16003B360B /* Assets.xcassets in Resources */ = {isa = PBXBuildFile; fileRef = 55891C1C1C092F16003B360B /* Assets.xcassets */; };
		55891C201C092F16003B360B /* LaunchScreen.storyboard in Resources */ = {isa = PBXBuildFile; fileRef = 55891C1E1C092F16003B360B /* LaunchScreen.storyboard */; };
		55891C2B1C092F16003B360B /* jphacksTests.swift in Sources */ = {isa = PBXBuildFile; fileRef = 55891C2A1C092F16003B360B /* jphacksTests.swift */; };
		55891C361C092F16003B360B /* jphacksUITests.swift in Sources */ = {isa = PBXBuildFile; fileRef = 55891C351C092F16003B360B /* jphacksUITests.swift */; };
		B1ADC3F71C0935DF005D35A1 /* SearchView.storyboard in Resources */ = {isa = PBXBuildFile; fileRef = B1ADC3F61C0935DF005D35A1 /* SearchView.storyboard */; };
		B1ADC3F91C0935FE005D35A1 /* MapView.storyboard in Resources */ = {isa = PBXBuildFile; fileRef = B1ADC3F81C0935FE005D35A1 /* MapView.storyboard */; };
		B1ADC3FB1C093655005D35A1 /* SearchViewController.swift in Sources */ = {isa = PBXBuildFile; fileRef = B1ADC3FA1C093655005D35A1 /* SearchViewController.swift */; };
		B1ADC3FD1C09368E005D35A1 /* MapViewController.swift in Sources */ = {isa = PBXBuildFile; fileRef = B1ADC3FC1C09368E005D35A1 /* MapViewController.swift */; };
		B1C4CAD01C093E4E00543F92 /* CSVManager.swift in Sources */ = {isa = PBXBuildFile; fileRef = B1C4CACF1C093E4E00543F92 /* CSVManager.swift */; };
		B1C4CAD41C0942BD00543F92 /* NightViewSpot.swift in Sources */ = {isa = PBXBuildFile; fileRef = B1C4CAD31C0942BD00543F92 /* NightViewSpot.swift */; };
		B1C4CAD61C0942CE00543F92 /* SightseeingSpot.swift in Sources */ = {isa = PBXBuildFile; fileRef = B1C4CAD51C0942CE00543F92 /* SightseeingSpot.swift */; };
		B1C4CAD81C09436B00543F92 /* Spot.swift in Sources */ = {isa = PBXBuildFile; fileRef = B1C4CAD71C09436B00543F92 /* Spot.swift */; };
		B1C4CAE01C09672B00543F92 /* nightView.csv in Resources */ = {isa = PBXBuildFile; fileRef = B1C4CADB1C09672B00543F92 /* nightView.csv */; };
		B1C4CAE21C09672B00543F92 /* sightseeing.csv in Resources */ = {isa = PBXBuildFile; fileRef = B1C4CADD1C09672B00543F92 /* sightseeing.csv */; };
		B1C4CAE31C09672B00543F92 /* toilet.csv in Resources */ = {isa = PBXBuildFile; fileRef = B1C4CADE1C09672B00543F92 /* toilet.csv */; };
		B1C4CAE51C09692300543F92 /* NightViewSpotRepository.swift in Sources */ = {isa = PBXBuildFile; fileRef = B1C4CAE41C09692300543F92 /* NightViewSpotRepository.swift */; };
		B1C4CAE71C0969AF00543F92 /* SightseeingSpotRepository.swift in Sources */ = {isa = PBXBuildFile; fileRef = B1C4CAE61C0969AF00543F92 /* SightseeingSpotRepository.swift */; };
		B1C4CAE91C096C3400543F92 /* SpotManager.swift in Sources */ = {isa = PBXBuildFile; fileRef = B1C4CAE81C096C3400543F92 /* SpotManager.swift */; };
		B1C4CAEB1C096F0500543F92 /* filmingLocationKobe.csv in Resources */ = {isa = PBXBuildFile; fileRef = B1C4CAEA1C096F0500543F92 /* filmingLocationKobe.csv */; };
		B1C4CAED1C096F6100543F92 /* FilmingLocationSpot.swift in Sources */ = {isa = PBXBuildFile; fileRef = B1C4CAEC1C096F6100543F92 /* FilmingLocationSpot.swift */; };
		B1C4CAEF1C09702B00543F92 /* FilmingLocationSpotRepository.swift in Sources */ = {isa = PBXBuildFile; fileRef = B1C4CAEE1C09702B00543F92 /* FilmingLocationSpotRepository.swift */; };
		B1C4CAF11C09717900543F92 /* sculptureKobecity.csv in Resources */ = {isa = PBXBuildFile; fileRef = B1C4CAF01C09717900543F92 /* sculptureKobecity.csv */; };
		B1C4CAF31C09722400543F92 /* SculptureSpot.swift in Sources */ = {isa = PBXBuildFile; fileRef = B1C4CAF21C09722400543F92 /* SculptureSpot.swift */; };
		B1C4CAF51C09729800543F92 /* SculptureSpotRepository.swift in Sources */ = {isa = PBXBuildFile; fileRef = B1C4CAF41C09729800543F92 /* SculptureSpotRepository.swift */; };
		B1C4CAF71C09748900543F92 /* ToiletSpot.swift in Sources */ = {isa = PBXBuildFile; fileRef = B1C4CAF61C09748900543F92 /* ToiletSpot.swift */; };
		B1C4CAF91C0974E900543F92 /* ToiletSpotRepository.swift in Sources */ = {isa = PBXBuildFile; fileRef = B1C4CAF81C0974E900543F92 /* ToiletSpotRepository.swift */; };
		B1E9E8471C0A05E10040DCAC /* QuartzCore.framework in Frameworks */ = {isa = PBXBuildFile; fileRef = B1E9E8461C0A05E10040DCAC /* QuartzCore.framework */; };
		FA16CBE31C09E0CE00A9F056 /* SearchHeaderView.swift in Sources */ = {isa = PBXBuildFile; fileRef = FA16CBE21C09E0CE00A9F056 /* SearchHeaderView.swift */; };
		FA16CBE51C09E0E300A9F056 /* SearchedTableViewCell.swift in Sources */ = {isa = PBXBuildFile; fileRef = FA16CBE41C09E0E300A9F056 /* SearchedTableViewCell.swift */; };
		FA16CBE71C09E0FF00A9F056 /* SpotOptionButton.swift in Sources */ = {isa = PBXBuildFile; fileRef = FA16CBE61C09E0FF00A9F056 /* SpotOptionButton.swift */; };
		FAE71B1A1C094D9400854951 /* SpotSetViewController.swift in Sources */ = {isa = PBXBuildFile; fileRef = FAE71B191C094D9400854951 /* SpotSetViewController.swift */; };
		FAE71B271C09868E00854951 /* SpotSetView.storyboard in Resources */ = {isa = PBXBuildFile; fileRef = FAE71B261C09868E00854951 /* SpotSetView.storyboard */; };
/* End PBXBuildFile section */

/* Begin PBXContainerItemProxy section */
		55891C271C092F16003B360B /* PBXContainerItemProxy */ = {
			isa = PBXContainerItemProxy;
			containerPortal = 55891C0A1C092F16003B360B /* Project object */;
			proxyType = 1;
			remoteGlobalIDString = 55891C111C092F16003B360B;
			remoteInfo = jphacks;
		};
		55891C321C092F16003B360B /* PBXContainerItemProxy */ = {
			isa = PBXContainerItemProxy;
			containerPortal = 55891C0A1C092F16003B360B /* Project object */;
			proxyType = 1;
			remoteGlobalIDString = 55891C111C092F16003B360B;
			remoteInfo = jphacks;
		};
/* End PBXContainerItemProxy section */

/* Begin PBXFileReference section */
		294C851183E62638FBE1C229 /* Pods.debug.xcconfig */ = {isa = PBXFileReference; includeInIndex = 1; lastKnownFileType = text.xcconfig; name = Pods.debug.xcconfig; path = "Pods/Target Support Files/Pods/Pods.debug.xcconfig"; sourceTree = "<group>"; };
		555C695A1C09744700D9B656 /* Util.swift */ = {isa = PBXFileReference; fileEncoding = 4; lastKnownFileType = sourcecode.swift; path = Util.swift; sourceTree = "<group>"; };
		555C695C1C09753900D9B656 /* Constants.swift */ = {isa = PBXFileReference; fileEncoding = 4; lastKnownFileType = sourcecode.swift; path = Constants.swift; sourceTree = "<group>"; };
		555C695E1C09793000D9B656 /* BaseViewController.swift */ = {isa = PBXFileReference; fileEncoding = 4; lastKnownFileType = sourcecode.swift; path = BaseViewController.swift; sourceTree = "<group>"; };
		555C69671C0994B100D9B656 /* SpotDetailView.swift */ = {isa = PBXFileReference; fileEncoding = 4; lastKnownFileType = sourcecode.swift; path = SpotDetailView.swift; sourceTree = "<group>"; };
		555C69691C09953500D9B656 /* SpotDetailView.xib */ = {isa = PBXFileReference; fileEncoding = 4; lastKnownFileType = file.xib; path = SpotDetailView.xib; sourceTree = "<group>"; };
		55891C121C092F16003B360B /* jphacks.app */ = {isa = PBXFileReference; explicitFileType = wrapper.application; includeInIndex = 0; path = jphacks.app; sourceTree = BUILT_PRODUCTS_DIR; };
		55891C151C092F16003B360B /* AppDelegate.swift */ = {isa = PBXFileReference; lastKnownFileType = sourcecode.swift; path = AppDelegate.swift; sourceTree = "<group>"; };
		55891C1C1C092F16003B360B /* Assets.xcassets */ = {isa = PBXFileReference; lastKnownFileType = folder.assetcatalog; path = Assets.xcassets; sourceTree = "<group>"; };
		55891C1F1C092F16003B360B /* Base */ = {isa = PBXFileReference; lastKnownFileType = file.storyboard; name = Base; path = Base.lproj/LaunchScreen.storyboard; sourceTree = "<group>"; };
		55891C211C092F16003B360B /* Info.plist */ = {isa = PBXFileReference; lastKnownFileType = text.plist.xml; path = Info.plist; sourceTree = "<group>"; };
		55891C261C092F16003B360B /* jphacksTests.xctest */ = {isa = PBXFileReference; explicitFileType = wrapper.cfbundle; includeInIndex = 0; path = jphacksTests.xctest; sourceTree = BUILT_PRODUCTS_DIR; };
		55891C2A1C092F16003B360B /* jphacksTests.swift */ = {isa = PBXFileReference; lastKnownFileType = sourcecode.swift; path = jphacksTests.swift; sourceTree = "<group>"; };
		55891C2C1C092F16003B360B /* Info.plist */ = {isa = PBXFileReference; lastKnownFileType = text.plist.xml; path = Info.plist; sourceTree = "<group>"; };
		55891C311C092F16003B360B /* jphacksUITests.xctest */ = {isa = PBXFileReference; explicitFileType = wrapper.cfbundle; includeInIndex = 0; path = jphacksUITests.xctest; sourceTree = BUILT_PRODUCTS_DIR; };
		55891C351C092F16003B360B /* jphacksUITests.swift */ = {isa = PBXFileReference; lastKnownFileType = sourcecode.swift; path = jphacksUITests.swift; sourceTree = "<group>"; };
		55891C371C092F16003B360B /* Info.plist */ = {isa = PBXFileReference; lastKnownFileType = text.plist.xml; path = Info.plist; sourceTree = "<group>"; };
		6BBA88AE061232EB6269DD02 /* Pods.release.xcconfig */ = {isa = PBXFileReference; includeInIndex = 1; lastKnownFileType = text.xcconfig; name = Pods.release.xcconfig; path = "Pods/Target Support Files/Pods/Pods.release.xcconfig"; sourceTree = "<group>"; };
		B1ADC3F61C0935DF005D35A1 /* SearchView.storyboard */ = {isa = PBXFileReference; fileEncoding = 4; lastKnownFileType = file.storyboard; path = SearchView.storyboard; sourceTree = "<group>"; };
		B1ADC3F81C0935FE005D35A1 /* MapView.storyboard */ = {isa = PBXFileReference; fileEncoding = 4; lastKnownFileType = file.storyboard; path = MapView.storyboard; sourceTree = "<group>"; };
		B1ADC3FA1C093655005D35A1 /* SearchViewController.swift */ = {isa = PBXFileReference; fileEncoding = 4; lastKnownFileType = sourcecode.swift; path = SearchViewController.swift; sourceTree = "<group>"; };
		B1ADC3FC1C09368E005D35A1 /* MapViewController.swift */ = {isa = PBXFileReference; fileEncoding = 4; lastKnownFileType = sourcecode.swift; path = MapViewController.swift; sourceTree = "<group>"; };
		B1C4CACF1C093E4E00543F92 /* CSVManager.swift */ = {isa = PBXFileReference; fileEncoding = 4; lastKnownFileType = sourcecode.swift; path = CSVManager.swift; sourceTree = "<group>"; };
		B1C4CAD31C0942BD00543F92 /* NightViewSpot.swift */ = {isa = PBXFileReference; fileEncoding = 4; lastKnownFileType = sourcecode.swift; path = NightViewSpot.swift; sourceTree = "<group>"; };
		B1C4CAD51C0942CE00543F92 /* SightseeingSpot.swift */ = {isa = PBXFileReference; fileEncoding = 4; lastKnownFileType = sourcecode.swift; path = SightseeingSpot.swift; sourceTree = "<group>"; };
		B1C4CAD71C09436B00543F92 /* Spot.swift */ = {isa = PBXFileReference; fileEncoding = 4; lastKnownFileType = sourcecode.swift; path = Spot.swift; sourceTree = "<group>"; };
		B1C4CADB1C09672B00543F92 /* nightView.csv */ = {isa = PBXFileReference; fileEncoding = 4; lastKnownFileType = text; path = nightView.csv; sourceTree = "<group>"; };
		B1C4CADD1C09672B00543F92 /* sightseeing.csv */ = {isa = PBXFileReference; fileEncoding = 4; lastKnownFileType = text; path = sightseeing.csv; sourceTree = "<group>"; };
		B1C4CADE1C09672B00543F92 /* toilet.csv */ = {isa = PBXFileReference; fileEncoding = 4; lastKnownFileType = text; path = toilet.csv; sourceTree = "<group>"; };
		B1C4CAE41C09692300543F92 /* NightViewSpotRepository.swift */ = {isa = PBXFileReference; fileEncoding = 4; lastKnownFileType = sourcecode.swift; path = NightViewSpotRepository.swift; sourceTree = "<group>"; };
		B1C4CAE61C0969AF00543F92 /* SightseeingSpotRepository.swift */ = {isa = PBXFileReference; fileEncoding = 4; lastKnownFileType = sourcecode.swift; path = SightseeingSpotRepository.swift; sourceTree = "<group>"; };
		B1C4CAE81C096C3400543F92 /* SpotManager.swift */ = {isa = PBXFileReference; fileEncoding = 4; lastKnownFileType = sourcecode.swift; path = SpotManager.swift; sourceTree = "<group>"; };
		B1C4CAEA1C096F0500543F92 /* filmingLocationKobe.csv */ = {isa = PBXFileReference; fileEncoding = 4; lastKnownFileType = text; path = filmingLocationKobe.csv; sourceTree = "<group>"; };
		B1C4CAEC1C096F6100543F92 /* FilmingLocationSpot.swift */ = {isa = PBXFileReference; fileEncoding = 4; lastKnownFileType = sourcecode.swift; path = FilmingLocationSpot.swift; sourceTree = "<group>"; };
		B1C4CAEE1C09702B00543F92 /* FilmingLocationSpotRepository.swift */ = {isa = PBXFileReference; fileEncoding = 4; lastKnownFileType = sourcecode.swift; path = FilmingLocationSpotRepository.swift; sourceTree = "<group>"; };
		B1C4CAF01C09717900543F92 /* sculptureKobecity.csv */ = {isa = PBXFileReference; fileEncoding = 4; lastKnownFileType = text; path = sculptureKobecity.csv; sourceTree = "<group>"; };
		B1C4CAF21C09722400543F92 /* SculptureSpot.swift */ = {isa = PBXFileReference; fileEncoding = 4; lastKnownFileType = sourcecode.swift; path = SculptureSpot.swift; sourceTree = "<group>"; };
		B1C4CAF41C09729800543F92 /* SculptureSpotRepository.swift */ = {isa = PBXFileReference; fileEncoding = 4; lastKnownFileType = sourcecode.swift; path = SculptureSpotRepository.swift; sourceTree = "<group>"; };
		B1C4CAF61C09748900543F92 /* ToiletSpot.swift */ = {isa = PBXFileReference; fileEncoding = 4; lastKnownFileType = sourcecode.swift; path = ToiletSpot.swift; sourceTree = "<group>"; };
		B1C4CAF81C0974E900543F92 /* ToiletSpotRepository.swift */ = {isa = PBXFileReference; fileEncoding = 4; lastKnownFileType = sourcecode.swift; path = ToiletSpotRepository.swift; sourceTree = "<group>"; };
		B1E9E8431C0A03220040DCAC /* jphacks-Bridging-Header.h */ = {isa = PBXFileReference; lastKnownFileType = sourcecode.c.h; path = "jphacks-Bridging-Header.h"; sourceTree = "<group>"; };
		B1E9E8461C0A05E10040DCAC /* QuartzCore.framework */ = {isa = PBXFileReference; lastKnownFileType = wrapper.framework; name = QuartzCore.framework; path = System/Library/Frameworks/QuartzCore.framework; sourceTree = SDKROOT; };
		B90C47334BEFEA7F4D317DD4 /* Pods.framework */ = {isa = PBXFileReference; explicitFileType = wrapper.framework; includeInIndex = 0; path = Pods.framework; sourceTree = BUILT_PRODUCTS_DIR; };
		FA16CBE21C09E0CE00A9F056 /* SearchHeaderView.swift */ = {isa = PBXFileReference; fileEncoding = 4; lastKnownFileType = sourcecode.swift; path = SearchHeaderView.swift; sourceTree = "<group>"; };
		FA16CBE41C09E0E300A9F056 /* SearchedTableViewCell.swift */ = {isa = PBXFileReference; fileEncoding = 4; lastKnownFileType = sourcecode.swift; path = SearchedTableViewCell.swift; sourceTree = "<group>"; };
		FA16CBE61C09E0FF00A9F056 /* SpotOptionButton.swift */ = {isa = PBXFileReference; fileEncoding = 4; lastKnownFileType = sourcecode.swift; path = SpotOptionButton.swift; sourceTree = "<group>"; };
		FAE71B191C094D9400854951 /* SpotSetViewController.swift */ = {isa = PBXFileReference; fileEncoding = 4; lastKnownFileType = sourcecode.swift; path = SpotSetViewController.swift; sourceTree = "<group>"; };
		FAE71B261C09868E00854951 /* SpotSetView.storyboard */ = {isa = PBXFileReference; fileEncoding = 4; lastKnownFileType = file.storyboard; path = SpotSetView.storyboard; sourceTree = "<group>"; };
/* End PBXFileReference section */

/* Begin PBXFrameworksBuildPhase section */
		55891C0F1C092F16003B360B /* Frameworks */ = {
			isa = PBXFrameworksBuildPhase;
			buildActionMask = 2147483647;
			files = (
				B1E9E8471C0A05E10040DCAC /* QuartzCore.framework in Frameworks */,
				1F3602C3120DE7F683333CAF /* Pods.framework in Frameworks */,
			);
			runOnlyForDeploymentPostprocessing = 0;
		};
		55891C231C092F16003B360B /* Frameworks */ = {
			isa = PBXFrameworksBuildPhase;
			buildActionMask = 2147483647;
			files = (
			);
			runOnlyForDeploymentPostprocessing = 0;
		};
		55891C2E1C092F16003B360B /* Frameworks */ = {
			isa = PBXFrameworksBuildPhase;
			buildActionMask = 2147483647;
			files = (
			);
			runOnlyForDeploymentPostprocessing = 0;
		};
/* End PBXFrameworksBuildPhase section */

/* Begin PBXGroup section */
		555C69601C09833C00D9B656 /* ViewController */ = {
			isa = PBXGroup;
			children = (
				555C69661C09948E00D9B656 /* MapViewController */,
				555C69641C0984F500D9B656 /* SearchViewController */,
				555C695E1C09793000D9B656 /* BaseViewController.swift */,
			);
			path = ViewController;
			sourceTree = "<group>";
		};
		555C69611C0983C200D9B656 /* Model */ = {
			isa = PBXGroup;
			children = (
				B1C4CAD71C09436B00543F92 /* Spot.swift */,
				B1C4CAD31C0942BD00543F92 /* NightViewSpot.swift */,
				B1C4CAD51C0942CE00543F92 /* SightseeingSpot.swift */,
				B1C4CAEC1C096F6100543F92 /* FilmingLocationSpot.swift */,
				B1C4CAF21C09722400543F92 /* SculptureSpot.swift */,
				B1C4CAF61C09748900543F92 /* ToiletSpot.swift */,
			);
			path = Model;
			sourceTree = "<group>";
		};
		555C69621C0983F400D9B656 /* Repository */ = {
			isa = PBXGroup;
			children = (
				B1C4CAE41C09692300543F92 /* NightViewSpotRepository.swift */,
				B1C4CAE61C0969AF00543F92 /* SightseeingSpotRepository.swift */,
				B1C4CAEE1C09702B00543F92 /* FilmingLocationSpotRepository.swift */,
				B1C4CAF41C09729800543F92 /* SculptureSpotRepository.swift */,
				B1C4CAF81C0974E900543F92 /* ToiletSpotRepository.swift */,
			);
			path = Repository;
			sourceTree = "<group>";
		};
		555C69631C09843200D9B656 /* Storyboard */ = {
			isa = PBXGroup;
			children = (
				B1ADC3F61C0935DF005D35A1 /* SearchView.storyboard */,
				FAE71B261C09868E00854951 /* SpotSetView.storyboard */,
				B1ADC3F81C0935FE005D35A1 /* MapView.storyboard */,
			);
			path = Storyboard;
			sourceTree = "<group>";
		};
		555C69641C0984F500D9B656 /* SearchViewController */ = {
			isa = PBXGroup;
			children = (
				FA16CBE21C09E0CE00A9F056 /* SearchHeaderView.swift */,
				B1ADC3FA1C093655005D35A1 /* SearchViewController.swift */,
				FA16CBE61C09E0FF00A9F056 /* SpotOptionButton.swift */,
				555C69651C09854900D9B656 /* SpotSetViewController */,
			);
			path = SearchViewController;
			sourceTree = "<group>";
		};
		555C69651C09854900D9B656 /* SpotSetViewController */ = {
			isa = PBXGroup;
			children = (
				FA16CBE41C09E0E300A9F056 /* SearchedTableViewCell.swift */,
				FAE71B191C094D9400854951 /* SpotSetViewController.swift */,
			);
			path = SpotSetViewController;
			sourceTree = "<group>";
		};
		555C69661C09948E00D9B656 /* MapViewController */ = {
			isa = PBXGroup;
			children = (
				B1ADC3FC1C09368E005D35A1 /* MapViewController.swift */,
				555C69671C0994B100D9B656 /* SpotDetailView.swift */,
				555C69691C09953500D9B656 /* SpotDetailView.xib */,
			);
			path = MapViewController;
			sourceTree = "<group>";
		};
		55891C091C092F16003B360B = {
			isa = PBXGroup;
			children = (
				55891C141C092F16003B360B /* jphacks */,
				55891C291C092F16003B360B /* jphacksTests */,
				55891C341C092F16003B360B /* jphacksUITests */,
				55891C131C092F16003B360B /* Products */,
				5B6D1E34A2A9B17130D6DBEF /* Pods */,
				6BA2A4B5F6F29DA7E9CCF96C /* Frameworks */,
			);
			sourceTree = "<group>";
		};
		55891C131C092F16003B360B /* Products */ = {
			isa = PBXGroup;
			children = (
				55891C121C092F16003B360B /* jphacks.app */,
				55891C261C092F16003B360B /* jphacksTests.xctest */,
				55891C311C092F16003B360B /* jphacksUITests.xctest */,
			);
			name = Products;
			sourceTree = "<group>";
		};
		55891C141C092F16003B360B /* jphacks */ = {
			isa = PBXGroup;
			children = (
				B1C4CAE81C096C3400543F92 /* SpotManager.swift */,
				555C69631C09843200D9B656 /* Storyboard */,
				555C69601C09833C00D9B656 /* ViewController */,
				555C69611C0983C200D9B656 /* Model */,
				555C69621C0983F400D9B656 /* Repository */,
				B1C4CAD91C09466A00543F92 /* CSV */,
				55891C151C092F16003B360B /* AppDelegate.swift */,
				555C695A1C09744700D9B656 /* Util.swift */,
				555C695C1C09753900D9B656 /* Constants.swift */,
				55891C1C1C092F16003B360B /* Assets.xcassets */,
				55891C1E1C092F16003B360B /* LaunchScreen.storyboard */,
				55891C211C092F16003B360B /* Info.plist */,
				B1E9E8431C0A03220040DCAC /* jphacks-Bridging-Header.h */,
			);
			path = jphacks;
			sourceTree = "<group>";
		};
		55891C291C092F16003B360B /* jphacksTests */ = {
			isa = PBXGroup;
			children = (
				55891C2A1C092F16003B360B /* jphacksTests.swift */,
				55891C2C1C092F16003B360B /* Info.plist */,
			);
			path = jphacksTests;
			sourceTree = "<group>";
		};
		55891C341C092F16003B360B /* jphacksUITests */ = {
			isa = PBXGroup;
			children = (
				55891C351C092F16003B360B /* jphacksUITests.swift */,
				55891C371C092F16003B360B /* Info.plist */,
			);
			path = jphacksUITests;
			sourceTree = "<group>";
		};
		5B6D1E34A2A9B17130D6DBEF /* Pods */ = {
			isa = PBXGroup;
			children = (
				294C851183E62638FBE1C229 /* Pods.debug.xcconfig */,
				6BBA88AE061232EB6269DD02 /* Pods.release.xcconfig */,
			);
			name = Pods;
			sourceTree = "<group>";
		};
		6BA2A4B5F6F29DA7E9CCF96C /* Frameworks */ = {
			isa = PBXGroup;
			children = (
				B1E9E8461C0A05E10040DCAC /* QuartzCore.framework */,
				B90C47334BEFEA7F4D317DD4 /* Pods.framework */,
			);
			name = Frameworks;
			sourceTree = "<group>";
		};
		B1C4CAD91C09466A00543F92 /* CSV */ = {
			isa = PBXGroup;
			children = (
				B1C4CACF1C093E4E00543F92 /* CSVManager.swift */,
				B1C4CADB1C09672B00543F92 /* nightView.csv */,
				B1C4CADD1C09672B00543F92 /* sightseeing.csv */,
				B1C4CAEA1C096F0500543F92 /* filmingLocationKobe.csv */,
				B1C4CAF01C09717900543F92 /* sculptureKobecity.csv */,
				B1C4CADE1C09672B00543F92 /* toilet.csv */,
			);
			path = CSV;
			sourceTree = "<group>";
		};
/* End PBXGroup section */

/* Begin PBXNativeTarget section */
		55891C111C092F16003B360B /* jphacks */ = {
			isa = PBXNativeTarget;
			buildConfigurationList = 55891C3A1C092F16003B360B /* Build configuration list for PBXNativeTarget "jphacks" */;
			buildPhases = (
				E07A4B4EB8F52282EDB080DE /* Check Pods Manifest.lock */,
				55891C0E1C092F16003B360B /* Sources */,
				55891C0F1C092F16003B360B /* Frameworks */,
				55891C101C092F16003B360B /* Resources */,
				2AD025CC29C81FD54D26B724 /* Embed Pods Frameworks */,
				DA8B0BE1F133FC636D04B3C2 /* Copy Pods Resources */,
			);
			buildRules = (
			);
			dependencies = (
			);
			name = jphacks;
			productName = jphacks;
			productReference = 55891C121C092F16003B360B /* jphacks.app */;
			productType = "com.apple.product-type.application";
		};
		55891C251C092F16003B360B /* jphacksTests */ = {
			isa = PBXNativeTarget;
			buildConfigurationList = 55891C3D1C092F16003B360B /* Build configuration list for PBXNativeTarget "jphacksTests" */;
			buildPhases = (
				55891C221C092F16003B360B /* Sources */,
				55891C231C092F16003B360B /* Frameworks */,
				55891C241C092F16003B360B /* Resources */,
			);
			buildRules = (
			);
			dependencies = (
				55891C281C092F16003B360B /* PBXTargetDependency */,
			);
			name = jphacksTests;
			productName = jphacksTests;
			productReference = 55891C261C092F16003B360B /* jphacksTests.xctest */;
			productType = "com.apple.product-type.bundle.unit-test";
		};
		55891C301C092F16003B360B /* jphacksUITests */ = {
			isa = PBXNativeTarget;
			buildConfigurationList = 55891C401C092F16003B360B /* Build configuration list for PBXNativeTarget "jphacksUITests" */;
			buildPhases = (
				55891C2D1C092F16003B360B /* Sources */,
				55891C2E1C092F16003B360B /* Frameworks */,
				55891C2F1C092F16003B360B /* Resources */,
			);
			buildRules = (
			);
			dependencies = (
				55891C331C092F16003B360B /* PBXTargetDependency */,
			);
			name = jphacksUITests;
			productName = jphacksUITests;
			productReference = 55891C311C092F16003B360B /* jphacksUITests.xctest */;
			productType = "com.apple.product-type.bundle.ui-testing";
		};
/* End PBXNativeTarget section */

/* Begin PBXProject section */
		55891C0A1C092F16003B360B /* Project object */ = {
			isa = PBXProject;
			attributes = {
				LastSwiftUpdateCheck = 0710;
				LastUpgradeCheck = 0710;
				ORGANIZATIONNAME = at;
				TargetAttributes = {
					55891C111C092F16003B360B = {
						CreatedOnToolsVersion = 7.1.1;
						DevelopmentTeam = F43SLH6F63;
					};
					55891C251C092F16003B360B = {
						CreatedOnToolsVersion = 7.1.1;
						TestTargetID = 55891C111C092F16003B360B;
					};
					55891C301C092F16003B360B = {
						CreatedOnToolsVersion = 7.1.1;
						TestTargetID = 55891C111C092F16003B360B;
					};
				};
			};
			buildConfigurationList = 55891C0D1C092F16003B360B /* Build configuration list for PBXProject "jphacks" */;
			compatibilityVersion = "Xcode 3.2";
			developmentRegion = English;
			hasScannedForEncodings = 0;
			knownRegions = (
				en,
				Base,
			);
			mainGroup = 55891C091C092F16003B360B;
			productRefGroup = 55891C131C092F16003B360B /* Products */;
			projectDirPath = "";
			projectRoot = "";
			targets = (
				55891C111C092F16003B360B /* jphacks */,
				55891C251C092F16003B360B /* jphacksTests */,
				55891C301C092F16003B360B /* jphacksUITests */,
			);
		};
/* End PBXProject section */

/* Begin PBXResourcesBuildPhase section */
		55891C101C092F16003B360B /* Resources */ = {
			isa = PBXResourcesBuildPhase;
			buildActionMask = 2147483647;
			files = (
				55891C201C092F16003B360B /* LaunchScreen.storyboard in Resources */,
				FAE71B271C09868E00854951 /* SpotSetView.storyboard in Resources */,
				B1C4CAE31C09672B00543F92 /* toilet.csv in Resources */,
				B1ADC3F71C0935DF005D35A1 /* SearchView.storyboard in Resources */,
				B1C4CAE21C09672B00543F92 /* sightseeing.csv in Resources */,
				B1C4CAEB1C096F0500543F92 /* filmingLocationKobe.csv in Resources */,
				B1C4CAF11C09717900543F92 /* sculptureKobecity.csv in Resources */,
				B1ADC3F91C0935FE005D35A1 /* MapView.storyboard in Resources */,
				B1C4CAE01C09672B00543F92 /* nightView.csv in Resources */,
				55891C1D1C092F16003B360B /* Assets.xcassets in Resources */,
				555C696A1C09953500D9B656 /* SpotDetailView.xib in Resources */,
			);
			runOnlyForDeploymentPostprocessing = 0;
		};
		55891C241C092F16003B360B /* Resources */ = {
			isa = PBXResourcesBuildPhase;
			buildActionMask = 2147483647;
			files = (
			);
			runOnlyForDeploymentPostprocessing = 0;
		};
		55891C2F1C092F16003B360B /* Resources */ = {
			isa = PBXResourcesBuildPhase;
			buildActionMask = 2147483647;
			files = (
			);
			runOnlyForDeploymentPostprocessing = 0;
		};
/* End PBXResourcesBuildPhase section */

/* Begin PBXShellScriptBuildPhase section */
		2AD025CC29C81FD54D26B724 /* Embed Pods Frameworks */ = {
			isa = PBXShellScriptBuildPhase;
			buildActionMask = 2147483647;
			files = (
			);
			inputPaths = (
			);
			name = "Embed Pods Frameworks";
			outputPaths = (
			);
			runOnlyForDeploymentPostprocessing = 0;
			shellPath = /bin/sh;
			shellScript = "\"${SRCROOT}/Pods/Target Support Files/Pods/Pods-frameworks.sh\"\n";
			showEnvVarsInLog = 0;
		};
		DA8B0BE1F133FC636D04B3C2 /* Copy Pods Resources */ = {
			isa = PBXShellScriptBuildPhase;
			buildActionMask = 2147483647;
			files = (
			);
			inputPaths = (
			);
			name = "Copy Pods Resources";
			outputPaths = (
			);
			runOnlyForDeploymentPostprocessing = 0;
			shellPath = /bin/sh;
			shellScript = "\"${SRCROOT}/Pods/Target Support Files/Pods/Pods-resources.sh\"\n";
			showEnvVarsInLog = 0;
		};
		E07A4B4EB8F52282EDB080DE /* Check Pods Manifest.lock */ = {
			isa = PBXShellScriptBuildPhase;
			buildActionMask = 2147483647;
			files = (
			);
			inputPaths = (
			);
			name = "Check Pods Manifest.lock";
			outputPaths = (
			);
			runOnlyForDeploymentPostprocessing = 0;
			shellPath = /bin/sh;
			shellScript = "diff \"${PODS_ROOT}/../Podfile.lock\" \"${PODS_ROOT}/Manifest.lock\" > /dev/null\nif [[ $? != 0 ]] ; then\n    cat << EOM\nerror: The sandbox is not in sync with the Podfile.lock. Run 'pod install' or update your CocoaPods installation.\nEOM\n    exit 1\nfi\n";
			showEnvVarsInLog = 0;
		};
/* End PBXShellScriptBuildPhase section */

/* Begin PBXSourcesBuildPhase section */
		55891C0E1C092F16003B360B /* Sources */ = {
			isa = PBXSourcesBuildPhase;
			buildActionMask = 2147483647;
			files = (
				555C695F1C09793000D9B656 /* BaseViewController.swift in Sources */,
				B1C4CAF31C09722400543F92 /* SculptureSpot.swift in Sources */,
				555C69681C0994B100D9B656 /* SpotDetailView.swift in Sources */,
				B1C4CAF51C09729800543F92 /* SculptureSpotRepository.swift in Sources */,
				FA16CBE71C09E0FF00A9F056 /* SpotOptionButton.swift in Sources */,
				555C695B1C09744700D9B656 /* Util.swift in Sources */,
				B1C4CAD41C0942BD00543F92 /* NightViewSpot.swift in Sources */,
				B1ADC3FB1C093655005D35A1 /* SearchViewController.swift in Sources */,
				B1C4CAD61C0942CE00543F92 /* SightseeingSpot.swift in Sources */,
				B1C4CAEF1C09702B00543F92 /* FilmingLocationSpotRepository.swift in Sources */,
				B1C4CAE71C0969AF00543F92 /* SightseeingSpotRepository.swift in Sources */,
				B1C4CAE51C09692300543F92 /* NightViewSpotRepository.swift in Sources */,
				B1C4CAE91C096C3400543F92 /* SpotManager.swift in Sources */,
				FA16CBE31C09E0CE00A9F056 /* SearchHeaderView.swift in Sources */,
				B1ADC3FD1C09368E005D35A1 /* MapViewController.swift in Sources */,
				FAE71B1A1C094D9400854951 /* SpotSetViewController.swift in Sources */,
				B1C4CAD01C093E4E00543F92 /* CSVManager.swift in Sources */,
				FA16CBE51C09E0E300A9F056 /* SearchedTableViewCell.swift in Sources */,
				B1C4CAD81C09436B00543F92 /* Spot.swift in Sources */,
				B1C4CAF91C0974E900543F92 /* ToiletSpotRepository.swift in Sources */,
				B1C4CAED1C096F6100543F92 /* FilmingLocationSpot.swift in Sources */,
				55891C161C092F16003B360B /* AppDelegate.swift in Sources */,
				B1C4CAF71C09748900543F92 /* ToiletSpot.swift in Sources */,
				555C695D1C09753900D9B656 /* Constants.swift in Sources */,
			);
			runOnlyForDeploymentPostprocessing = 0;
		};
		55891C221C092F16003B360B /* Sources */ = {
			isa = PBXSourcesBuildPhase;
			buildActionMask = 2147483647;
			files = (
				55891C2B1C092F16003B360B /* jphacksTests.swift in Sources */,
			);
			runOnlyForDeploymentPostprocessing = 0;
		};
		55891C2D1C092F16003B360B /* Sources */ = {
			isa = PBXSourcesBuildPhase;
			buildActionMask = 2147483647;
			files = (
				55891C361C092F16003B360B /* jphacksUITests.swift in Sources */,
			);
			runOnlyForDeploymentPostprocessing = 0;
		};
/* End PBXSourcesBuildPhase section */

/* Begin PBXTargetDependency section */
		55891C281C092F16003B360B /* PBXTargetDependency */ = {
			isa = PBXTargetDependency;
			target = 55891C111C092F16003B360B /* jphacks */;
			targetProxy = 55891C271C092F16003B360B /* PBXContainerItemProxy */;
		};
		55891C331C092F16003B360B /* PBXTargetDependency */ = {
			isa = PBXTargetDependency;
			target = 55891C111C092F16003B360B /* jphacks */;
			targetProxy = 55891C321C092F16003B360B /* PBXContainerItemProxy */;
		};
/* End PBXTargetDependency section */

/* Begin PBXVariantGroup section */
		55891C1E1C092F16003B360B /* LaunchScreen.storyboard */ = {
			isa = PBXVariantGroup;
			children = (
				55891C1F1C092F16003B360B /* Base */,
			);
			name = LaunchScreen.storyboard;
			sourceTree = "<group>";
		};
/* End PBXVariantGroup section */

/* Begin XCBuildConfiguration section */
		55891C381C092F16003B360B /* Debug */ = {
			isa = XCBuildConfiguration;
			buildSettings = {
				ALWAYS_SEARCH_USER_PATHS = NO;
				CLANG_CXX_LANGUAGE_STANDARD = "gnu++0x";
				CLANG_CXX_LIBRARY = "libc++";
				CLANG_ENABLE_MODULES = YES;
				CLANG_ENABLE_OBJC_ARC = YES;
				CLANG_WARN_BOOL_CONVERSION = YES;
				CLANG_WARN_CONSTANT_CONVERSION = YES;
				CLANG_WARN_DIRECT_OBJC_ISA_USAGE = YES_ERROR;
				CLANG_WARN_EMPTY_BODY = YES;
				CLANG_WARN_ENUM_CONVERSION = YES;
				CLANG_WARN_INT_CONVERSION = YES;
				CLANG_WARN_OBJC_ROOT_CLASS = YES_ERROR;
				CLANG_WARN_UNREACHABLE_CODE = YES;
				CLANG_WARN__DUPLICATE_METHOD_MATCH = YES;
				"CODE_SIGN_IDENTITY[sdk=iphoneos*]" = "iPhone Developer";
				COPY_PHASE_STRIP = NO;
				DEBUG_INFORMATION_FORMAT = dwarf;
				ENABLE_STRICT_OBJC_MSGSEND = YES;
				ENABLE_TESTABILITY = YES;
				GCC_C_LANGUAGE_STANDARD = gnu99;
				GCC_DYNAMIC_NO_PIC = NO;
				GCC_NO_COMMON_BLOCKS = YES;
				GCC_OPTIMIZATION_LEVEL = 0;
				GCC_PREPROCESSOR_DEFINITIONS = (
					"DEBUG=1",
					"$(inherited)",
				);
				GCC_WARN_64_TO_32_BIT_CONVERSION = YES;
				GCC_WARN_ABOUT_RETURN_TYPE = YES_ERROR;
				GCC_WARN_UNDECLARED_SELECTOR = YES;
				GCC_WARN_UNINITIALIZED_AUTOS = YES_AGGRESSIVE;
				GCC_WARN_UNUSED_FUNCTION = YES;
				GCC_WARN_UNUSED_VARIABLE = YES;
				IPHONEOS_DEPLOYMENT_TARGET = 9.1;
				MTL_ENABLE_DEBUG_INFO = YES;
				ONLY_ACTIVE_ARCH = YES;
				SDKROOT = iphoneos;
				SWIFT_OPTIMIZATION_LEVEL = "-Onone";
				TARGETED_DEVICE_FAMILY = "1,2";
			};
			name = Debug;
		};
		55891C391C092F16003B360B /* Release */ = {
			isa = XCBuildConfiguration;
			buildSettings = {
				ALWAYS_SEARCH_USER_PATHS = NO;
				CLANG_CXX_LANGUAGE_STANDARD = "gnu++0x";
				CLANG_CXX_LIBRARY = "libc++";
				CLANG_ENABLE_MODULES = YES;
				CLANG_ENABLE_OBJC_ARC = YES;
				CLANG_WARN_BOOL_CONVERSION = YES;
				CLANG_WARN_CONSTANT_CONVERSION = YES;
				CLANG_WARN_DIRECT_OBJC_ISA_USAGE = YES_ERROR;
				CLANG_WARN_EMPTY_BODY = YES;
				CLANG_WARN_ENUM_CONVERSION = YES;
				CLANG_WARN_INT_CONVERSION = YES;
				CLANG_WARN_OBJC_ROOT_CLASS = YES_ERROR;
				CLANG_WARN_UNREACHABLE_CODE = YES;
				CLANG_WARN__DUPLICATE_METHOD_MATCH = YES;
				"CODE_SIGN_IDENTITY[sdk=iphoneos*]" = "iPhone Developer";
				COPY_PHASE_STRIP = NO;
				DEBUG_INFORMATION_FORMAT = "dwarf-with-dsym";
				ENABLE_NS_ASSERTIONS = NO;
				ENABLE_STRICT_OBJC_MSGSEND = YES;
				GCC_C_LANGUAGE_STANDARD = gnu99;
				GCC_NO_COMMON_BLOCKS = YES;
				GCC_WARN_64_TO_32_BIT_CONVERSION = YES;
				GCC_WARN_ABOUT_RETURN_TYPE = YES_ERROR;
				GCC_WARN_UNDECLARED_SELECTOR = YES;
				GCC_WARN_UNINITIALIZED_AUTOS = YES_AGGRESSIVE;
				GCC_WARN_UNUSED_FUNCTION = YES;
				GCC_WARN_UNUSED_VARIABLE = YES;
				IPHONEOS_DEPLOYMENT_TARGET = 9.1;
				MTL_ENABLE_DEBUG_INFO = NO;
				SDKROOT = iphoneos;
				TARGETED_DEVICE_FAMILY = "1,2";
				VALIDATE_PRODUCT = YES;
			};
			name = Release;
		};
		55891C3B1C092F16003B360B /* Debug */ = {
			isa = XCBuildConfiguration;
			baseConfigurationReference = 294C851183E62638FBE1C229 /* Pods.debug.xcconfig */;
			buildSettings = {
				ASSETCATALOG_COMPILER_APPICON_NAME = AppIcon;
				CLANG_ENABLE_MODULES = YES;
				CODE_SIGN_IDENTITY = "iPhone Developer";
				"CODE_SIGN_IDENTITY[sdk=iphoneos*]" = "iPhone Developer";
				INFOPLIST_FILE = jphacks/Info.plist;
				LD_RUNPATH_SEARCH_PATHS = "$(inherited) @executable_path/Frameworks";
				PRODUCT_BUNDLE_IDENTIFIER = net.ha1f.jphacks;
				PRODUCT_NAME = "$(TARGET_NAME)";
				PROVISIONING_PROFILE = "";
				SWIFT_OBJC_BRIDGING_HEADER = "jphacks/jphacks-Bridging-Header.h";
				SWIFT_OPTIMIZATION_LEVEL = "-Onone";
			};
			name = Debug;
		};
		55891C3C1C092F16003B360B /* Release */ = {
			isa = XCBuildConfiguration;
			baseConfigurationReference = 6BBA88AE061232EB6269DD02 /* Pods.release.xcconfig */;
			buildSettings = {
				ASSETCATALOG_COMPILER_APPICON_NAME = AppIcon;
				CLANG_ENABLE_MODULES = YES;
				CODE_SIGN_IDENTITY = "iPhone Developer";
				"CODE_SIGN_IDENTITY[sdk=iphoneos*]" = "iPhone Developer";
				INFOPLIST_FILE = jphacks/Info.plist;
				LD_RUNPATH_SEARCH_PATHS = "$(inherited) @executable_path/Frameworks";
				PRODUCT_BUNDLE_IDENTIFIER = net.ha1f.jphacks;
				PRODUCT_NAME = "$(TARGET_NAME)";
				PROVISIONING_PROFILE = "";
				SWIFT_OBJC_BRIDGING_HEADER = "jphacks/jphacks-Bridging-Header.h";
			};
			name = Release;
		};
		55891C3E1C092F16003B360B /* Debug */ = {
			isa = XCBuildConfiguration;
			buildSettings = {
				BUNDLE_LOADER = "$(TEST_HOST)";
				INFOPLIST_FILE = jphacksTests/Info.plist;
				LD_RUNPATH_SEARCH_PATHS = "$(inherited) @executable_path/Frameworks @loader_path/Frameworks";
				PRODUCT_BUNDLE_IDENTIFIER = net.ha1f.jphacksTests;
				PRODUCT_NAME = "$(TARGET_NAME)";
				TEST_HOST = "$(BUILT_PRODUCTS_DIR)/jphacks.app/jphacks";
			};
			name = Debug;
		};
		55891C3F1C092F16003B360B /* Release */ = {
			isa = XCBuildConfiguration;
			buildSettings = {
				BUNDLE_LOADER = "$(TEST_HOST)";
				INFOPLIST_FILE = jphacksTests/Info.plist;
				LD_RUNPATH_SEARCH_PATHS = "$(inherited) @executable_path/Frameworks @loader_path/Frameworks";
				PRODUCT_BUNDLE_IDENTIFIER = net.ha1f.jphacksTests;
				PRODUCT_NAME = "$(TARGET_NAME)";
				TEST_HOST = "$(BUILT_PRODUCTS_DIR)/jphacks.app/jphacks";
			};
			name = Release;
		};
		55891C411C092F16003B360B /* Debug */ = {
			isa = XCBuildConfiguration;
			buildSettings = {
				INFOPLIST_FILE = jphacksUITests/Info.plist;
				LD_RUNPATH_SEARCH_PATHS = "$(inherited) @executable_path/Frameworks @loader_path/Frameworks";
				PRODUCT_BUNDLE_IDENTIFIER = net.ha1f.jphacksUITests;
				PRODUCT_NAME = "$(TARGET_NAME)";
				TEST_TARGET_NAME = jphacks;
				USES_XCTRUNNER = YES;
			};
			name = Debug;
		};
		55891C421C092F16003B360B /* Release */ = {
			isa = XCBuildConfiguration;
			buildSettings = {
				INFOPLIST_FILE = jphacksUITests/Info.plist;
				LD_RUNPATH_SEARCH_PATHS = "$(inherited) @executable_path/Frameworks @loader_path/Frameworks";
				PRODUCT_BUNDLE_IDENTIFIER = net.ha1f.jphacksUITests;
				PRODUCT_NAME = "$(TARGET_NAME)";
				TEST_TARGET_NAME = jphacks;
				USES_XCTRUNNER = YES;
			};
			name = Release;
		};
/* End XCBuildConfiguration section */

/* Begin XCConfigurationList section */
		55891C0D1C092F16003B360B /* Build configuration list for PBXProject "jphacks" */ = {
			isa = XCConfigurationList;
			buildConfigurations = (
				55891C381C092F16003B360B /* Debug */,
				55891C391C092F16003B360B /* Release */,
			);
			defaultConfigurationIsVisible = 0;
			defaultConfigurationName = Release;
		};
		55891C3A1C092F16003B360B /* Build configuration list for PBXNativeTarget "jphacks" */ = {
			isa = XCConfigurationList;
			buildConfigurations = (
				55891C3B1C092F16003B360B /* Debug */,
				55891C3C1C092F16003B360B /* Release */,
			);
			defaultConfigurationIsVisible = 0;
			defaultConfigurationName = Release;
		};
		55891C3D1C092F16003B360B /* Build configuration list for PBXNativeTarget "jphacksTests" */ = {
			isa = XCConfigurationList;
			buildConfigurations = (
				55891C3E1C092F16003B360B /* Debug */,
				55891C3F1C092F16003B360B /* Release */,
			);
			defaultConfigurationIsVisible = 0;
			defaultConfigurationName = Release;
		};
		55891C401C092F16003B360B /* Build configuration list for PBXNativeTarget "jphacksUITests" */ = {
			isa = XCConfigurationList;
			buildConfigurations = (
				55891C411C092F16003B360B /* Debug */,
				55891C421C092F16003B360B /* Release */,
			);
			defaultConfigurationIsVisible = 0;
			defaultConfigurationName = Release;
		};
/* End XCConfigurationList section */
	};
	rootObject = 55891C0A1C092F16003B360B /* Project object */;
}
